
Microsoft Visual Studio Solution File, Format Version 12.00
# Visual Studio Version 16
VisualStudioVersion = 16.0.29001.49
MinimumVisualStudioVersion = 10.0.40219.1
Project("{FAE04EC0-301F-11D3-BF4B-00C04F79EFBC}") = "Math", "Math\Math.csproj", "{0EC5178E-54D3-4B10-9989-847B86C4BE66}"
EndProject
Global
	GlobalSection(SolutionConfigurationPlatforms) = preSolution
		Debug|Any CPU = Debug|Any CPU
		Release|Any CPU = Release|Any CPU
	EndGlobalSection
	GlobalSection(ProjectConfigurationPlatforms) = postSolution
		{0EC5178E-54D3-4B10-9989-847B86C4BE66}.Debug|Any CPU.ActiveCfg = Debug|Any CPU
		{0EC5178E-54D3-4B10-9989-847B86C4BE66}.Debug|Any CPU.Build.0 = Debug|Any CPU
		{0EC5178E-54D3-4B10-9989-847B86C4BE66}.Release|Any CPU.ActiveCfg = Release|Any CPU
		{0EC5178E-54D3-4B10-9989-847B86C4BE66}.Release|Any CPU.Build.0 = Release|Any CPU
	EndGlobalSection
	GlobalSection(SolutionProperties) = preSolution
		HideSolutionNode = FALSE
	EndGlobalSection
	GlobalSection(ExtensibilityGlobals) = postSolution
		SolutionGuid = {31001A81-C554-4782-8811-5997179F6BAF}
	EndGlobalSection
EndGlobal
